{
    "name": "laravel",
    "version": "0.2.0",
    "lockfileVersion": 1,
    "requires": true,
    "dependencies": {
        "axios": {
            "version": "0.19.2",
            "resolved": "https://registry.npmjs.org/axios/-/axios-0.19.2.tgz",
            "integrity": "sha512-fjgm5MvRHLhx+osE2xoekY70AhARk3a6hkN+3Io1jc00jtquGvxYlKlsFUhmUET0V5te6CcZI7lcv2Ym61mjHA==",
            "requires": {
                "follow-redirects": "1.5.10"
            }
        },
        "axios-retry": {
            "version": "3.1.8",
            "resolved": "https://registry.npmjs.org/axios-retry/-/axios-retry-3.1.8.tgz",
            "integrity": "sha512-yPw5Y4Bg6Dgmhm35KaJFtlh23s1TecW0HsUerK4/IS1UKl0gtN2aJqdEKtVomiOS/bDo5w4P3sqgki/M10eF8Q==",
            "requires": {
                "is-retry-allowed": "^1.1.0"
            }
        },
        "debug": {
            "version": "3.1.0",
            "resolved": "https://registry.npmjs.org/debug/-/debug-3.1.0.tgz",
            "integrity": "sha512-OX8XqP7/1a9cqkxYw2yXss15f26NKWBpDXQd0/uK/KPqdQhxbPa994hnzjcE2VqQpDslf55723cKPUOGSmMY3g==",
            "requires": {
                "ms": "2.0.0"
            }
        },
        "follow-redirects": {
            "version": "1.5.10",
            "resolved": "https://registry.npmjs.org/follow-redirects/-/follow-redirects-1.5.10.tgz",
            "integrity": "sha512-0V5l4Cizzvqt5D44aTXbFZz+FtyXV1vrDN6qrelxtfYQKW0KO0W2T/hkE8xvGa/540LkZlkaUjO4ailYTFtHVQ==",
            "requires": {
                "debug": "=3.1.0"
            }
        },
        "is-retry-allowed": {
            "version": "1.2.0",
            "resolved": "https://registry.npmjs.org/is-retry-allowed/-/is-retry-allowed-1.2.0.tgz",
            "integrity": "sha512-RUbUeKwvm3XG2VYamhJL1xFktgjvPzL0Hq8C+6yrWIswDy3BIXGqCxhxkc30N9jqK311gVU137K8Ei55/zVJRg=="
        },
        "ms": {
            "version": "2.0.0",
            "resolved": "https://registry.npmjs.org/ms/-/ms-2.0.0.tgz",
            "integrity": "sha1-VgiurfwAvmwpAd9fmGF4jeDVl8g="
        },
        "object-to-formdata": {
            "version": "3.0.9",
            "resolved": "https://registry.npmjs.org/object-to-formdata/-/object-to-formdata-3.0.9.tgz",
            "integrity": "sha512-1JDHRFSpk6wzhPBAAqdVncdvbjZ+bjB0tioruNdKn8UyudBBXiBxRa7PJyvYqp4ioEKX98dEOX9Fw1RxA+vLzg=="
        },
        "sweetalert2": {
            "version": "9.10.12",
            "resolved": "https://registry.npmjs.org/sweetalert2/-/sweetalert2-9.10.12.tgz",
            "integrity": "sha512-RnarmbDGTPmwecJbaVdq5LvlzbVReIOtPk0huPnXOE19G00xMxGcTY0wjt9AjwsexUnLivLXc3b6nD6+D6NlGg=="
        },
        "vform": {
            "version": "1.0.1",
            "resolved": "https://registry.npmjs.org/vform/-/vform-1.0.1.tgz",
            "integrity": "sha512-O+6zpxxhn3/iYWBaWWwx0sjeRP6Mh5MDNHCjPALtXFT/Mef6nPHquXEAUtai96FwogkGlTQCzFADqwbOsj8E7A=="
        },
        "vue-progressbar": {
            "version": "0.7.5",
            "resolved": "https://registry.npmjs.org/vue-progressbar/-/vue-progressbar-0.7.5.tgz",
            "integrity": "sha512-VeNG/inMsFbvdCTS7lJ1gjDAKSUZdqkhW9gS1tb0we1rqFKxR+BCEiVUgw5C84vODKb14M2GWHTw0WVdpoVg6g=="
        },
        "vue-sweetalert2": {
            "version": "3.0.3",
            "resolved": "https://registry.npmjs.org/vue-sweetalert2/-/vue-sweetalert2-3.0.3.tgz",
            "integrity": "sha512-8gEUfz6z2qJ7oQ8Bn5O9MJ+FRD53q+ziJouNh/SQ9Gx2v6WuRb8DB9tZMKGXR8YZip4CDVvSn8dh254YU2SCPg==",
            "requires": {
                "sweetalert2": "9.x"
            }
        }
    }
}
